
Microsoft Visual Studio Solution File, Format Version 12.00
# Visual Studio Version 17
VisualStudioVersion = 17.5.33414.496
MinimumVisualStudioVersion = 10.0.40219.1
Project("{2150E333-8FDC-42A3-9474-1A3956D46DE8}") = "3,Devices", "3,Devices", "{2B808A9C-B9AA-4D3D-B138-C7C50B4F1A5B}"
EndProject
Project("{2150E333-8FDC-42A3-9474-1A3956D46DE8}") = "6,DALs", "6,DALs", "{61FB77B3-789C-4895-A49F-11E2E318610B}"
EndProject
Project("{2150E333-8FDC-42A3-9474-1A3956D46DE8}") = "5,BLLs", "5,BLLs", "{03559230-3E4A-45AD-92CA-EF59407B9557}"
EndProject
Project("{2150E333-8FDC-42A3-9474-1A3956D46DE8}") = "4,Entities", "4,Entities", "{BE998293-8438-4771-9286-C103BA3C24A3}"
EndProject
Project("{2150E333-8FDC-42A3-9474-1A3956D46DE8}") = "2,Projects", "2,Projects", "{D4C767D5-EBDD-4082-935D-158D151DDBA5}"
EndProject
Project("{FAE04EC0-301F-11D3-BF4B-00C04F79EFBC}") = "HYAutomation.Start", "HYAutomation.Start\HYAutomation.Start.csproj", "{13B1DC0D-4FDF-4C86-A755-24561DF7A8C4}"
EndProject
Project("{2150E333-8FDC-42A3-9474-1A3956D46DE8}") = "1,Basic", "1,Basic", "{55638AB5-35D9-40E6-B24A-3D5173F210A2}"
EndProject
Project("{FAE04EC0-301F-11D3-BF4B-00C04F79EFBC}") = "HYAutomation.BaseView", "HYAutomation.Basic\HYAutomation.BaseView\HYAutomation.BaseView.csproj", "{EB2A7B5D-49C4-4AB5-9C80-2167638AA85D}"
EndProject
Project("{FAE04EC0-301F-11D3-BF4B-00C04F79EFBC}") = "HYAutomation.BLL", "HYAutomation.Basic\HYAutomation.BLL\HYAutomation.BLL.csproj", "{4E3BB1A4-83B8-482E-ABA7-94A3B25C23C0}"
EndProject
Project("{FAE04EC0-301F-11D3-BF4B-00C04F79EFBC}") = "HYAutomation.Core", "HYAutomation.Basic\HYAutomation.Core\HYAutomation.Core.csproj", "{6BBB2282-1B5F-4EDF-9272-96CC2521023F}"
EndProject
Project("{FAE04EC0-301F-11D3-BF4B-00C04F79EFBC}") = "HYAutomation.Core.Algorithm", "HYAutomation.Basic\HYAutomation.Core.Algorithm\HYAutomation.Core.Algorithm.csproj", "{63FEFE3C-0A1C-45CE-8100-CE84903CE6C9}"
EndProject
Project("{FAE04EC0-301F-11D3-BF4B-00C04F79EFBC}") = "HYAutomation.Core.Views", "HYAutomation.Basic\HYAutomation.Core.Views\HYAutomation.Core.Views.csproj", "{11E4CF03-904C-44FC-ADA9-11353B44E28C}"
EndProject
Project("{FAE04EC0-301F-11D3-BF4B-00C04F79EFBC}") = "HYAutomation.Device", "HYAutomation.Basic\HYAutomation.Device\HYAutomation.Device.csproj", "{0EB9C1B0-0FC6-44CB-9CF3-E4EB7974E9C5}"
EndProject
Project("{FAE04EC0-301F-11D3-BF4B-00C04F79EFBC}") = "HYAutomation.Module", "HYAutomation.Basic\HYAutomation.Module\HYAutomation.Module.csproj", "{23D8D9A3-C610-46F2-A924-41CE84D0A2EB}"
EndProject
Project("{FAE04EC0-301F-11D3-BF4B-00C04F79EFBC}") = "00,HYAutomation.Entity_Base", "HYAutomation.Entities\00,HYAutomation.Entity_Base\00,HYAutomation.Entity_Base.csproj", "{076EB5D6-5A7F-4DF8-A64F-9C58923C3F68}"
EndProject
Project("{FAE04EC0-301F-11D3-BF4B-00C04F79EFBC}") = "00,HYAutomation.BLL_Base", "HYAutomation.BLLs\00,HYAutomation.BLL_Base\00,HYAutomation.BLL_Base.csproj", "{04CA70AB-E6EE-4F4B-9062-C41F87562A6A}"
EndProject
Project("{FAE04EC0-301F-11D3-BF4B-00C04F79EFBC}") = "00,HYAutomation.DAL_Base", "HYAutomation.DALs\00,HYAutomation.DAL_Base\00,HYAutomation.DAL_Base.csproj", "{1B79D1AA-0794-47E4-BBC5-2836BCE830F5}"
EndProject
Project("{FAE04EC0-301F-11D3-BF4B-00C04F79EFBC}") = "00,HYAutomation.Projects.HiEdgeMind", "HYAutomation.Projects\00,HYAutomation.Projects.HiEdgeMind\00,HYAutomation.Projects.HiEdgeMind.csproj", "{83B1F8FE-7FCE-4708-8965-2847A7953DB6}"
EndProject
Project("{FAE04EC0-301F-11D3-BF4B-00C04F79EFBC}") = "00,HYAutomation.Devices.HiEdgeMind", "HYAutomation.Devices\00,HYAutomation.Devices.HiEdgeMind\00,HYAutomation.Devices.HiEdgeMind.csproj", "{C6C83BF9-590C-4588-ACC3-37953AF07212}"
EndProject
Global
	GlobalSection(SolutionConfigurationPlatforms) = preSolution
		Debug|Any CPU = Debug|Any CPU
		Release|Any CPU = Release|Any CPU
	EndGlobalSection
	GlobalSection(ProjectConfigurationPlatforms) = postSolution
		{13B1DC0D-4FDF-4C86-A755-24561DF7A8C4}.Debug|Any CPU.ActiveCfg = Debug|Any CPU
		{13B1DC0D-4FDF-4C86-A755-24561DF7A8C4}.Debug|Any CPU.Build.0 = Debug|Any CPU
		{13B1DC0D-4FDF-4C86-A755-24561DF7A8C4}.Release|Any CPU.ActiveCfg = Release|Any CPU
		{13B1DC0D-4FDF-4C86-A755-24561DF7A8C4}.Release|Any CPU.Build.0 = Release|Any CPU
		{EB2A7B5D-49C4-4AB5-9C80-2167638AA85D}.Debug|Any CPU.ActiveCfg = Debug|Any CPU
		{EB2A7B5D-49C4-4AB5-9C80-2167638AA85D}.Debug|Any CPU.Build.0 = Debug|Any CPU
		{EB2A7B5D-49C4-4AB5-9C80-2167638AA85D}.Release|Any CPU.ActiveCfg = Release|Any CPU
		{EB2A7B5D-49C4-4AB5-9C80-2167638AA85D}.Release|Any CPU.Build.0 = Release|Any CPU
		{4E3BB1A4-83B8-482E-ABA7-94A3B25C23C0}.Debug|Any CPU.ActiveCfg = Debug|Any CPU
		{4E3BB1A4-83B8-482E-ABA7-94A3B25C23C0}.Debug|Any CPU.Build.0 = Debug|Any CPU
		{4E3BB1A4-83B8-482E-ABA7-94A3B25C23C0}.Release|Any CPU.ActiveCfg = Release|Any CPU
		{4E3BB1A4-83B8-482E-ABA7-94A3B25C23C0}.Release|Any CPU.Build.0 = Release|Any CPU
		{6BBB2282-1B5F-4EDF-9272-96CC2521023F}.Debug|Any CPU.ActiveCfg = Debug|Any CPU
		{6BBB2282-1B5F-4EDF-9272-96CC2521023F}.Debug|Any CPU.Build.0 = Debug|Any CPU
		{6BBB2282-1B5F-4EDF-9272-96CC2521023F}.Release|Any CPU.ActiveCfg = Release|Any CPU
		{6BBB2282-1B5F-4EDF-9272-96CC2521023F}.Release|Any CPU.Build.0 = Release|Any CPU
		{63FEFE3C-0A1C-45CE-8100-CE84903CE6C9}.Debug|Any CPU.ActiveCfg = Debug|Any CPU
		{63FEFE3C-0A1C-45CE-8100-CE84903CE6C9}.Debug|Any CPU.Build.0 = Debug|Any CPU
		{63FEFE3C-0A1C-45CE-8100-CE84903CE6C9}.Release|Any CPU.ActiveCfg = Release|Any CPU
		{63FEFE3C-0A1C-45CE-8100-CE84903CE6C9}.Release|Any CPU.Build.0 = Release|Any CPU
		{11E4CF03-904C-44FC-ADA9-11353B44E28C}.Debug|Any CPU.ActiveCfg = Debug|Any CPU
		{11E4CF03-904C-44FC-ADA9-11353B44E28C}.Debug|Any CPU.Build.0 = Debug|Any CPU
		{11E4CF03-904C-44FC-ADA9-11353B44E28C}.Release|Any CPU.ActiveCfg = Release|Any CPU
		{11E4CF03-904C-44FC-ADA9-11353B44E28C}.Release|Any CPU.Build.0 = Release|Any CPU
		{0EB9C1B0-0FC6-44CB-9CF3-E4EB7974E9C5}.Debug|Any CPU.ActiveCfg = Debug|Any CPU
		{0EB9C1B0-0FC6-44CB-9CF3-E4EB7974E9C5}.Debug|Any CPU.Build.0 = Debug|Any CPU
		{0EB9C1B0-0FC6-44CB-9CF3-E4EB7974E9C5}.Release|Any CPU.ActiveCfg = Release|Any CPU
		{0EB9C1B0-0FC6-44CB-9CF3-E4EB7974E9C5}.Release|Any CPU.Build.0 = Release|Any CPU
		{23D8D9A3-C610-46F2-A924-41CE84D0A2EB}.Debug|Any CPU.ActiveCfg = Debug|Any CPU
		{23D8D9A3-C610-46F2-A924-41CE84D0A2EB}.Debug|Any CPU.Build.0 = Debug|Any CPU
		{23D8D9A3-C610-46F2-A924-41CE84D0A2EB}.Release|Any CPU.ActiveCfg = Release|Any CPU
		{23D8D9A3-C610-46F2-A924-41CE84D0A2EB}.Release|Any CPU.Build.0 = Release|Any CPU
		{076EB5D6-5A7F-4DF8-A64F-9C58923C3F68}.Debug|Any CPU.ActiveCfg = Debug|Any CPU
		{076EB5D6-5A7F-4DF8-A64F-9C58923C3F68}.Debug|Any CPU.Build.0 = Debug|Any CPU
		{076EB5D6-5A7F-4DF8-A64F-9C58923C3F68}.Release|Any CPU.ActiveCfg = Release|Any CPU
		{076EB5D6-5A7F-4DF8-A64F-9C58923C3F68}.Release|Any CPU.Build.0 = Release|Any CPU
		{04CA70AB-E6EE-4F4B-9062-C41F87562A6A}.Debug|Any CPU.ActiveCfg = Debug|Any CPU
		{04CA70AB-E6EE-4F4B-9062-C41F87562A6A}.Debug|Any CPU.Build.0 = Debug|Any CPU
		{04CA70AB-E6EE-4F4B-9062-C41F87562A6A}.Release|Any CPU.ActiveCfg = Release|Any CPU
		{04CA70AB-E6EE-4F4B-9062-C41F87562A6A}.Release|Any CPU.Build.0 = Release|Any CPU
		{1B79D1AA-0794-47E4-BBC5-2836BCE830F5}.Debug|Any CPU.ActiveCfg = Debug|Any CPU
		{1B79D1AA-0794-47E4-BBC5-2836BCE830F5}.Debug|Any CPU.Build.0 = Debug|Any CPU
		{1B79D1AA-0794-47E4-BBC5-2836BCE830F5}.Release|Any CPU.ActiveCfg = Release|Any CPU
		{1B79D1AA-0794-47E4-BBC5-2836BCE830F5}.Release|Any CPU.Build.0 = Release|Any CPU
		{83B1F8FE-7FCE-4708-8965-2847A7953DB6}.Debug|Any CPU.ActiveCfg = Debug|Any CPU
		{83B1F8FE-7FCE-4708-8965-2847A7953DB6}.Debug|Any CPU.Build.0 = Debug|Any CPU
		{83B1F8FE-7FCE-4708-8965-2847A7953DB6}.Release|Any CPU.ActiveCfg = Release|Any CPU
		{83B1F8FE-7FCE-4708-8965-2847A7953DB6}.Release|Any CPU.Build.0 = Release|Any CPU
		{C6C83BF9-590C-4588-ACC3-37953AF07212}.Debug|Any CPU.ActiveCfg = Debug|Any CPU
		{C6C83BF9-590C-4588-ACC3-37953AF07212}.Debug|Any CPU.Build.0 = Debug|Any CPU
		{C6C83BF9-590C-4588-ACC3-37953AF07212}.Release|Any CPU.ActiveCfg = Release|Any CPU
		{C6C83BF9-590C-4588-ACC3-37953AF07212}.Release|Any CPU.Build.0 = Release|Any CPU
	EndGlobalSection
	GlobalSection(SolutionProperties) = preSolution
		HideSolutionNode = FALSE
	EndGlobalSection
	GlobalSection(NestedProjects) = preSolution
		{EB2A7B5D-49C4-4AB5-9C80-2167638AA85D} = {55638AB5-35D9-40E6-B24A-3D5173F210A2}
		{4E3BB1A4-83B8-482E-ABA7-94A3B25C23C0} = {55638AB5-35D9-40E6-B24A-3D5173F210A2}
		{6BBB2282-1B5F-4EDF-9272-96CC2521023F} = {55638AB5-35D9-40E6-B24A-3D5173F210A2}
		{63FEFE3C-0A1C-45CE-8100-CE84903CE6C9} = {55638AB5-35D9-40E6-B24A-3D5173F210A2}
		{11E4CF03-904C-44FC-ADA9-11353B44E28C} = {55638AB5-35D9-40E6-B24A-3D5173F210A2}
		{0EB9C1B0-0FC6-44CB-9CF3-E4EB7974E9C5} = {55638AB5-35D9-40E6-B24A-3D5173F210A2}
		{23D8D9A3-C610-46F2-A924-41CE84D0A2EB} = {55638AB5-35D9-40E6-B24A-3D5173F210A2}
		{076EB5D6-5A7F-4DF8-A64F-9C58923C3F68} = {BE998293-8438-4771-9286-C103BA3C24A3}
		{04CA70AB-E6EE-4F4B-9062-C41F87562A6A} = {03559230-3E4A-45AD-92CA-EF59407B9557}
		{1B79D1AA-0794-47E4-BBC5-2836BCE830F5} = {61FB77B3-789C-4895-A49F-11E2E318610B}
		{83B1F8FE-7FCE-4708-8965-2847A7953DB6} = {D4C767D5-EBDD-4082-935D-158D151DDBA5}
		{C6C83BF9-590C-4588-ACC3-37953AF07212} = {2B808A9C-B9AA-4D3D-B138-C7C50B4F1A5B}
	EndGlobalSection
	GlobalSection(ExtensibilityGlobals) = postSolution
		SolutionGuid = {38FF82E6-B7EE-4BF7-B0E8-75A3FC4F6FF2}
	EndGlobalSection
EndGlobal
